
Microsoft Visual Studio Solution File, Format Version 12.00
# Visual Studio Version 17
VisualStudioVersion = 17.6.33829.357
MinimumVisualStudioVersion = 10.0.40219.1
Project("{FAE04EC0-301F-11D3-BF4B-00C04F79EFBC}") = "Bloc3_CSharp", "Bloc3_CSharp\Bloc3_CSharp.csproj", "{8DFD9327-8E5D-4F47-A098-A60322DEB7D9}"
EndProject
Global
	GlobalSection(SolutionConfigurationPlatforms) = preSolution
		Debug|Any CPU = Debug|Any CPU
		Release|Any CPU = Release|Any CPU
	EndGlobalSection
	GlobalSection(ProjectConfigurationPlatforms) = postSolution
		{8DFD9327-8E5D-4F47-A098-A60322DEB7D9}.Debug|Any CPU.ActiveCfg = Debug|Any CPU
		{8DFD9327-8E5D-4F47-A098-A60322DEB7D9}.Debug|Any CPU.Build.0 = Debug|Any CPU
		{8DFD9327-8E5D-4F47-A098-A60322DEB7D9}.Release|Any CPU.ActiveCfg = Release|Any CPU
		{8DFD9327-8E5D-4F47-A098-A60322DEB7D9}.Release|Any CPU.Build.0 = Release|Any CPU
	EndGlobalSection
	GlobalSection(SolutionProperties) = preSolution
		HideSolutionNode = FALSE
	EndGlobalSection
	GlobalSection(ExtensibilityGlobals) = postSolution
		SolutionGuid = {6E1D1632-2D75-4826-B1C2-3954170C40C7}
	EndGlobalSection
EndGlobal
